version = 1
revision = 1

[[package]]
name = "worksim-ai"
version = "1.0.0"
source = { virtual = "." }
dependencies = [
    { name = "fastapi" },
    { name = "openai" },
    { name = "openenv" },
    { name = "pydantic" },
    { name = "pyyaml" },
    { name = "uvicorn" },
]

[[package]]
name = "fastapi"
version = "0.110.0"

[[package]]
name = "uvicorn"
version = "0.27.1"

[[package]]
name = "pydantic"
version = "2.6.3"

[[package]]
name = "openai"
version = "1.13.3"

[[package]]
name = "pyyaml"
version = "6.0.1"

[[package]]
name = "openenv"
version = "0.1.13"
